{
    "_meta": {
        "hash": {
            "sha256": "723bbf50175cce59f8824991957a380dd1bc7f4c2e0bbcc1fececb3e2032db65"
        },
        "pipfile-spec": 6,
        "requires": {
            "python_version": "3.8"
        },
        "sources": [
            {
                "name": "pypi",
                "url": "https://pypi.org/simple",
                "verify_ssl": true
            }
        ]
    },
    "default": {
        "blessed": {
            "hashes": [
                "sha256:0c542922586a265e699188e52d5f5ac5ec0dd517e5a1041d90d2bbf23f906058",
                "sha256:2cdd67f8746e048f00df47a2880f4d6acbcdb399031b604e34ba8f71d5787680"
            ],
            "markers": "python_version >= '2.7'",
            "version": "==1.20.0"
        },
        "colorama": {
            "hashes": [
                "sha256:08695f5cb7ed6e0531a20572697297273c47b8cae5a63ffc6d6ed5c201be6e44",
                "sha256:4f1d9991f5acc0ca119f9d443620b77f9d6b33703e51011c16baf57afb285fc6"
            ],
            "index": "pypi",
            "version": "==0.4.6"
        },
        "editor": {
            "hashes": [
                "sha256:bb6989e872638cd119db9a4fce284cd8e13c553886a1c044c6b8d8a160c871f8",
                "sha256:e818e6913f26c2a81eadef503a2741d7cca7f235d20e217274a009ecd5a74abf"
            ],
            "markers": "python_version >= '3.8'",
            "version": "==1.6.6"
        },
        "faker": {
            "hashes": [
                "sha256:1a46466b22c6bf5925448f725f90c6e0d8bf085819906520ddaa15aec58a6df5",
                "sha256:2f70a7817b4147d67c544192e169c5653060fce8aef758db0ea8823d89caac94"
            ],
            "index": "pypi",
            "version": "==24.8.0"
        },
        "inquirer": {
            "hashes": [
                "sha256:273a4e4a4345ac1afdb17408d40fc8dccf3485db68203357919468561035a763",
                "sha256:33b09efc1b742b9d687b540296a8b6a3f773399673321fcc2ab0eb4c109bf9b5"
            ],
            "index": "pypi",
            "version": "==3.2.4"
        },
        "python-dateutil": {
            "hashes": [
                "sha256:37dd54208da7e1cd875388217d5e00ebd4179249f90fb72437e91a35459a0ad3",
                "sha256:a8b2bc7bffae282281c8140a97d3aa9c14da0b136dfe83f850eea9a5f7470427"
            ],
            "markers": "python_version >= '2.7' and python_version not in '3.0, 3.1, 3.2, 3.3'",
            "version": "==2.9.0.post0"
        },
        "readchar": {
            "hashes": [
                "sha256:b4b31dd35de4897be738f27e8f9f62426b5fedb54b648364987e30ae534b71bc",
                "sha256:e0dae942d3a746f8d5423f83dbad67efe704004baafe31b626477929faaee472"
            ],
            "markers": "python_version >= '3.8'",
            "version": "==4.0.6"
        },
        "runs": {
            "hashes": [
                "sha256:0980dcbc25aba1505f307ac4f0e9e92cbd0be2a15a1e983ee86c24c87b839dfd",
                "sha256:9dc1815e2895cfb3a48317b173b9f1eac9ba5549b36a847b5cc60c3bf82ecef1"
            ],
            "markers": "python_version >= '3.8'",
            "version": "==1.2.2"
        },
        "setuptools": {
            "hashes": [
                "sha256:0ff4183f8f42cd8fa3acea16c45205521a4ef28f73c6391d8a25e92893134f2e",
                "sha256:c21c49fb1042386df081cb5d86759792ab89efca84cf114889191cd09aacc80c"
            ],
            "markers": "python_version >= '3.8'",
            "version": "==69.2.0"
        },
        "six": {
            "hashes": [
                "sha256:1e61c37477a1626458e36f7b1d82aa5c9b094fa4802892072e49de9c60c4c926",
                "sha256:8abb2f1d86890a2dfb989f9a77cfcfd3e47c2a354b01111771326f8aa26e0254"
            ],
            "markers": "python_version >= '2.7' and python_version not in '3.0, 3.1, 3.2, 3.3'",
            "version": "==1.16.0"
        },
        "wcwidth": {
            "hashes": [
                "sha256:3da69048e4540d84af32131829ff948f1e022c1c6bdb8d6102117aac784f6859",
                "sha256:72ea0c06399eb286d978fdedb6923a9eb47e1c486ce63e9b4e64fc18303972b5"
            ],
            "version": "==0.2.13"
        },
        "xmod": {
            "hashes": [
                "sha256:38c76486b9d672c546d57d8035df0beb7f4a9b088bc3fb2de5431ae821444377",
                "sha256:a24e9458a4853489042522bdca9e50ee2eac5ab75c809a91150a8a7f40670d48"
            ],
            "markers": "python_version >= '3.8'",
            "version": "==1.8.1"
        }
    },
    "develop": {}
}
